
Microsoft Visual Studio Solution File, Format Version 12.00
# Visual Studio Version 16
VisualStudioVersion = 16.0.30413.136
MinimumVisualStudioVersion = 10.0.40219.1
Project("{FAE04EC0-301F-11D3-BF4B-00C04F79EFBC}") = "Your Keys", "Your Keys.csproj", "{7CA81AC7-3646-49E7-A2E6-070A6EBAF780}"
EndProject
Global
	GlobalSection(SolutionConfigurationPlatforms) = preSolution
		Debug|Any CPU = Debug|Any CPU
		Release|Any CPU = Release|Any CPU
	EndGlobalSection
	GlobalSection(ProjectConfigurationPlatforms) = postSolution
		{7CA81AC7-3646-49E7-A2E6-070A6EBAF780}.Debug|Any CPU.ActiveCfg = Debug|Any CPU
		{7CA81AC7-3646-49E7-A2E6-070A6EBAF780}.Debug|Any CPU.Build.0 = Debug|Any CPU
		{7CA81AC7-3646-49E7-A2E6-070A6EBAF780}.Release|Any CPU.ActiveCfg = Release|Any CPU
		{7CA81AC7-3646-49E7-A2E6-070A6EBAF780}.Release|Any CPU.Build.0 = Release|Any CPU
	EndGlobalSection
	GlobalSection(SolutionProperties) = preSolution
		HideSolutionNode = FALSE
	EndGlobalSection
	GlobalSection(ExtensibilityGlobals) = postSolution
		SolutionGuid = {B69DF17B-772E-4E44-8771-52C79F2FF3CB}
	EndGlobalSection
EndGlobal
